
Microsoft Visual Studio Solution File, Format Version 12.00
# Visual Studio Version 17
VisualStudioVersion = 17.13.35931.197
MinimumVisualStudioVersion = 10.0.40219.1
Project("{FAE04EC0-301F-11D3-BF4B-00C04F79EFBC}") = "ConsoleApp4", "ConsoleApp4\ConsoleApp4.csproj", "{C3DD1C29-8E52-46AC-853C-50B9E9278D87}"
EndProject
Project("{FAE04EC0-301F-11D3-BF4B-00C04F79EFBC}") = "GigaImageWPF", "GigaImageWPF\GigaImageWPF.csproj", "{852E171A-3AED-40DD-9090-1704D3DEA8A5}"
EndProject
Global
	GlobalSection(SolutionConfigurationPlatforms) = preSolution
		Debug|Any CPU = Debug|Any CPU
		Release|Any CPU = Release|Any CPU
	EndGlobalSection
	GlobalSection(ProjectConfigurationPlatforms) = postSolution
		{C3DD1C29-8E52-46AC-853C-50B9E9278D87}.Debug|Any CPU.ActiveCfg = Debug|Any CPU
		{C3DD1C29-8E52-46AC-853C-50B9E9278D87}.Debug|Any CPU.Build.0 = Debug|Any CPU
		{C3DD1C29-8E52-46AC-853C-50B9E9278D87}.Release|Any CPU.ActiveCfg = Release|Any CPU
		{C3DD1C29-8E52-46AC-853C-50B9E9278D87}.Release|Any CPU.Build.0 = Release|Any CPU
		{852E171A-3AED-40DD-9090-1704D3DEA8A5}.Debug|Any CPU.ActiveCfg = Debug|Any CPU
		{852E171A-3AED-40DD-9090-1704D3DEA8A5}.Debug|Any CPU.Build.0 = Debug|Any CPU
		{852E171A-3AED-40DD-9090-1704D3DEA8A5}.Release|Any CPU.ActiveCfg = Release|Any CPU
		{852E171A-3AED-40DD-9090-1704D3DEA8A5}.Release|Any CPU.Build.0 = Release|Any CPU
	EndGlobalSection
	GlobalSection(SolutionProperties) = preSolution
		HideSolutionNode = FALSE
	EndGlobalSection
	GlobalSection(ExtensibilityGlobals) = postSolution
		SolutionGuid = {A57FCE88-F111-4CF5-9A71-2B17A48BEAF4}
	EndGlobalSection
EndGlobal
